// !$*UTF8*$!
{
	archiveVersion = 1;
	classes = {
	};
	objectVersion = 46;
	objects = {

/* Begin PBXBuildFile section */
		3816B9E11E7676F6009F2C10 /* RxCocoa.framework in Frameworks */ = {isa = PBXBuildFile; fileRef = 3816B9D41E766D6A009F2C10 /* RxCocoa.framework */; };
		3816B9E21E7676F6009F2C10 /* RxCocoa.framework in Embed Frameworks */ = {isa = PBXBuildFile; fileRef = 3816B9D41E766D6A009F2C10 /* RxCocoa.framework */; settings = {ATTRIBUTES = (CodeSignOnCopy, RemoveHeadersOnCopy, ); }; };
		3816B9E31E7676F6009F2C10 /* RxSwift.framework in Frameworks */ = {isa = PBXBuildFile; fileRef = 3816B9D51E766D6A009F2C10 /* RxSwift.framework */; };
		3816B9E41E7676F6009F2C10 /* RxSwift.framework in Embed Frameworks */ = {isa = PBXBuildFile; fileRef = 3816B9D51E766D6A009F2C10 /* RxSwift.framework */; settings = {ATTRIBUTES = (CodeSignOnCopy, RemoveHeadersOnCopy, ); }; };
		3819E8B51E80F59A004BB245 /* Numbers.storyboard in Resources */ = {isa = PBXBuildFile; fileRef = 3819E8B41E80F59A004BB245 /* Numbers.storyboard */; };
		3819E8B71E80F5A9004BB245 /* SimpleValidation.storyboard in Resources */ = {isa = PBXBuildFile; fileRef = 3819E8B61E80F5A9004BB245 /* SimpleValidation.storyboard */; };
		3819E8B91E80F5B7004BB245 /* Geolocation.storyboard in Resources */ = {isa = PBXBuildFile; fileRef = 3819E8B81E80F5B7004BB245 /* Geolocation.storyboard */; };
		3819E8BB1E80F5C3004BB245 /* GitHubSignup1.storyboard in Resources */ = {isa = PBXBuildFile; fileRef = 3819E8BA1E80F5C3004BB245 /* GitHubSignup1.storyboard */; };
		3819E8BD1E80F5D2004BB245 /* GitHubSignup2.storyboard in Resources */ = {isa = PBXBuildFile; fileRef = 3819E8BC1E80F5D2004BB245 /* GitHubSignup2.storyboard */; };
		3819E8BF1E80F5DD004BB245 /* SimpleTableViewExample.storyboard in Resources */ = {isa = PBXBuildFile; fileRef = 3819E8BE1E80F5DD004BB245 /* SimpleTableViewExample.storyboard */; };
		3819E8C11E80F5E8004BB245 /* SimpleTableViewExampleSectioned.storyboard in Resources */ = {isa = PBXBuildFile; fileRef = 3819E8C01E80F5E8004BB245 /* SimpleTableViewExampleSectioned.storyboard */; };
		3819E8C31E80F5FA004BB245 /* TableViewWithEditingCommands.storyboard in Resources */ = {isa = PBXBuildFile; fileRef = 3819E8C21E80F5FA004BB245 /* TableViewWithEditingCommands.storyboard */; };
		3819E8C51E80F603004BB245 /* PartialUpdates.storyboard in Resources */ = {isa = PBXBuildFile; fileRef = 3819E8C41E80F603004BB245 /* PartialUpdates.storyboard */; };
		3819E8C71E80F60B004BB245 /* WikipediaSearch.storyboard in Resources */ = {isa = PBXBuildFile; fileRef = 3819E8C61E80F60B004BB245 /* WikipediaSearch.storyboard */; };
		3819E8C91E80F614004BB245 /* APIWrappers.storyboard in Resources */ = {isa = PBXBuildFile; fileRef = 3819E8C81E80F614004BB245 /* APIWrappers.storyboard */; };
		3819E8CB1E80F61E004BB245 /* Calculator.storyboard in Resources */ = {isa = PBXBuildFile; fileRef = 3819E8CA1E80F61E004BB245 /* Calculator.storyboard */; };
		3819E8CD1E80F629004BB245 /* GitHubSearchRepositories.storyboard in Resources */ = {isa = PBXBuildFile; fileRef = 3819E8CC1E80F629004BB245 /* GitHubSearchRepositories.storyboard */; };
		3819E8D91E80F84B004BB245 /* SimpleTableViewExampleViewController.swift in Sources */ = {isa = PBXBuildFile; fileRef = 3819E8D81E80F84B004BB245 /* SimpleTableViewExampleViewController.swift */; };
		3819E8E01E80FD0A004BB245 /* SimpleTableViewExampleSectionedViewController.swift in Sources */ = {isa = PBXBuildFile; fileRef = 3819E8DF1E80FD0A004BB245 /* SimpleTableViewExampleSectionedViewController.swift */; };
		3819E8E21E80FD24004BB245 /* TableViewWithEditingCommandsViewController.swift in Sources */ = {isa = PBXBuildFile; fileRef = 3819E8E11E80FD24004BB245 /* TableViewWithEditingCommandsViewController.swift */; };
		3819E8E41E80FD33004BB245 /* PartialUpdatesViewController.swift in Sources */ = {isa = PBXBuildFile; fileRef = 3819E8E31E80FD33004BB245 /* PartialUpdatesViewController.swift */; };
		3819E8E61E80FD3A004BB245 /* WikipediaSearchViewController.swift in Sources */ = {isa = PBXBuildFile; fileRef = 3819E8E51E80FD3A004BB245 /* WikipediaSearchViewController.swift */; };
		3819E8E81E80FD41004BB245 /* APIWrappersViewController.swift in Sources */ = {isa = PBXBuildFile; fileRef = 3819E8E71E80FD41004BB245 /* APIWrappersViewController.swift */; };
		3819E8EA1E80FD4A004BB245 /* CalculatorViewController.swift in Sources */ = {isa = PBXBuildFile; fileRef = 3819E8E91E80FD4A004BB245 /* CalculatorViewController.swift */; };
		3819E8EC1E810EEC004BB245 /* GitHubSearchRepositoriesViewController.swift in Sources */ = {isa = PBXBuildFile; fileRef = 3819E8EB1E810EEC004BB245 /* GitHubSearchRepositoriesViewController.swift */; };
		382219711E8130C50095DEFD /* GeolocationService.swift in Sources */ = {isa = PBXBuildFile; fileRef = 382219701E8130C50095DEFD /* GeolocationService.swift */; };
		382219731E813BB50095DEFD /* GithubSignupViewModel1.swift in Sources */ = {isa = PBXBuildFile; fileRef = 382219721E813BB50095DEFD /* GithubSignupViewModel1.swift */; };
		382219751E813BED0095DEFD /* Protocols.swift in Sources */ = {isa = PBXBuildFile; fileRef = 382219741E813BED0095DEFD /* Protocols.swift */; };
		384F3A8D1E82429900BC3E87 /* ActivityIndicator.swift in Sources */ = {isa = PBXBuildFile; fileRef = 384F3A8C1E82429900BC3E87 /* ActivityIndicator.swift */; };
		384F3A8F1E82495C00BC3E87 /* GitHubDefaultAPI.swift in Sources */ = {isa = PBXBuildFile; fileRef = 384F3A8E1E82495C00BC3E87 /* GitHubDefaultAPI.swift */; };
		384F3A921E8255FB00BC3E87 /* UILabel+Extension.swift in Sources */ = {isa = PBXBuildFile; fileRef = 384F3A911E8255FB00BC3E87 /* UILabel+Extension.swift */; };
		384F3A941E8273B800BC3E87 /* GithubSignupViewModel2.swift in Sources */ = {isa = PBXBuildFile; fileRef = 384F3A931E8273B800BC3E87 /* GithubSignupViewModel2.swift */; };
		387693291E79A33200D10F28 /* GitHubSignup2ViewController.swift in Sources */ = {isa = PBXBuildFile; fileRef = 387693241E79A33200D10F28 /* GitHubSignup2ViewController.swift */; };
		3876932A1E79A33200D10F28 /* NumbersViewController.swift in Sources */ = {isa = PBXBuildFile; fileRef = 387693251E79A33200D10F28 /* NumbersViewController.swift */; };
		3876932B1E79A33200D10F28 /* GitHubSignup1ViewController.swift in Sources */ = {isa = PBXBuildFile; fileRef = 387693261E79A33200D10F28 /* GitHubSignup1ViewController.swift */; };
		3876932C1E79A33200D10F28 /* SimpleValidationViewController.swift in Sources */ = {isa = PBXBuildFile; fileRef = 387693271E79A33200D10F28 /* SimpleValidationViewController.swift */; };
		3876932D1E79A33200D10F28 /* GeolocationViewController.swift in Sources */ = {isa = PBXBuildFile; fileRef = 387693281E79A33200D10F28 /* GeolocationViewController.swift */; };
		387693331E79A34B00D10F28 /* Action.swift in Sources */ = {isa = PBXBuildFile; fileRef = 3876932E1E79A34B00D10F28 /* Action.swift */; };
		387693341E79A34B00D10F28 /* CustomView.swift in Sources */ = {isa = PBXBuildFile; fileRef = 3876932F1E79A34B00D10F28 /* CustomView.swift */; };
		387693351E79A34B00D10F28 /* CustomView.xib in Resources */ = {isa = PBXBuildFile; fileRef = 387693301E79A34B00D10F28 /* CustomView.xib */; };
		387693361E79A34B00D10F28 /* Presenter.swift in Sources */ = {isa = PBXBuildFile; fileRef = 387693311E79A34B00D10F28 /* Presenter.swift */; };
		387693371E79A34B00D10F28 /* ViewModel.swift in Sources */ = {isa = PBXBuildFile; fileRef = 387693321E79A34B00D10F28 /* ViewModel.swift */; };
		387693391E79A35900D10F28 /* AppDelegate.swift in Sources */ = {isa = PBXBuildFile; fileRef = 387693381E79A35900D10F28 /* AppDelegate.swift */; };
		3876933E1E79A37700D10F28 /* LaunchScreen.storyboard in Resources */ = {isa = PBXBuildFile; fileRef = 3876933A1E79A37700D10F28 /* LaunchScreen.storyboard */; };
		3876933F1E79A37700D10F28 /* Main.storyboard in Resources */ = {isa = PBXBuildFile; fileRef = 3876933C1E79A37700D10F28 /* Main.storyboard */; };
		387693421E79A38600D10F28 /* Assets.xcassets in Resources */ = {isa = PBXBuildFile; fileRef = 387693401E79A38600D10F28 /* Assets.xcassets */; };
		387693431E79A38600D10F28 /* Info.plist in Resources */ = {isa = PBXBuildFile; fileRef = 387693411E79A38600D10F28 /* Info.plist */; };
/* End PBXBuildFile section */

/* Begin PBXCopyFilesBuildPhase section */
		384FBB531E764BBF008D1CC3 /* Embed Frameworks */ = {
			isa = PBXCopyFilesBuildPhase;
			buildActionMask = 2147483647;
			dstPath = "";
			dstSubfolderSpec = 10;
			files = (
				3816B9E21E7676F6009F2C10 /* RxCocoa.framework in Embed Frameworks */,
				3816B9E41E7676F6009F2C10 /* RxSwift.framework in Embed Frameworks */,
			);
			name = "Embed Frameworks";
			runOnlyForDeploymentPostprocessing = 0;
		};
/* End PBXCopyFilesBuildPhase section */

/* Begin PBXFileReference section */
		3811AC7B1E7635D000A0C3AD /* RxSwiftPractice.app */ = {isa = PBXFileReference; explicitFileType = wrapper.application; includeInIndex = 0; path = RxSwiftPractice.app; sourceTree = BUILT_PRODUCTS_DIR; };
		3816B9D11E766B36009F2C10 /* MyPlayground.playground */ = {isa = PBXFileReference; lastKnownFileType = file.playground; path = MyPlayground.playground; sourceTree = "<group>"; };
		3816B9D31E766D6A009F2C10 /* RxBlocking.framework */ = {isa = PBXFileReference; lastKnownFileType = wrapper.framework; name = RxBlocking.framework; path = Carthage/Build/iOS/RxBlocking.framework; sourceTree = "<group>"; };
		3816B9D41E766D6A009F2C10 /* RxCocoa.framework */ = {isa = PBXFileReference; lastKnownFileType = wrapper.framework; name = RxCocoa.framework; path = Carthage/Build/iOS/RxCocoa.framework; sourceTree = "<group>"; };
		3816B9D51E766D6A009F2C10 /* RxSwift.framework */ = {isa = PBXFileReference; lastKnownFileType = wrapper.framework; name = RxSwift.framework; path = Carthage/Build/iOS/RxSwift.framework; sourceTree = "<group>"; };
		3816B9D61E766D6A009F2C10 /* RxTest.framework */ = {isa = PBXFileReference; lastKnownFileType = wrapper.framework; name = RxTest.framework; path = Carthage/Build/iOS/RxTest.framework; sourceTree = "<group>"; };
		3819E8B41E80F59A004BB245 /* Numbers.storyboard */ = {isa = PBXFileReference; fileEncoding = 4; lastKnownFileType = file.storyboard; path = Numbers.storyboard; sourceTree = "<group>"; };
		3819E8B61E80F5A9004BB245 /* SimpleValidation.storyboard */ = {isa = PBXFileReference; fileEncoding = 4; lastKnownFileType = file.storyboard; path = SimpleValidation.storyboard; sourceTree = "<group>"; };
		3819E8B81E80F5B7004BB245 /* Geolocation.storyboard */ = {isa = PBXFileReference; fileEncoding = 4; lastKnownFileType = file.storyboard; path = Geolocation.storyboard; sourceTree = "<group>"; };
		3819E8BA1E80F5C3004BB245 /* GitHubSignup1.storyboard */ = {isa = PBXFileReference; fileEncoding = 4; lastKnownFileType = file.storyboard; path = GitHubSignup1.storyboard; sourceTree = "<group>"; };
		3819E8BC1E80F5D2004BB245 /* GitHubSignup2.storyboard */ = {isa = PBXFileReference; fileEncoding = 4; lastKnownFileType = file.storyboard; path = GitHubSignup2.storyboard; sourceTree = "<group>"; };
		3819E8BE1E80F5DD004BB245 /* SimpleTableViewExample.storyboard */ = {isa = PBXFileReference; fileEncoding = 4; lastKnownFileType = file.storyboard; path = SimpleTableViewExample.storyboard; sourceTree = "<group>"; };
		3819E8C01E80F5E8004BB245 /* SimpleTableViewExampleSectioned.storyboard */ = {isa = PBXFileReference; fileEncoding = 4; lastKnownFileType = file.storyboard; path = SimpleTableViewExampleSectioned.storyboard; sourceTree = "<group>"; };
		3819E8C21E80F5FA004BB245 /* TableViewWithEditingCommands.storyboard */ = {isa = PBXFileReference; fileEncoding = 4; lastKnownFileType = file.storyboard; path = TableViewWithEditingCommands.storyboard; sourceTree = "<group>"; };
		3819E8C41E80F603004BB245 /* PartialUpdates.storyboard */ = {isa = PBXFileReference; fileEncoding = 4; lastKnownFileType = file.storyboard; path = PartialUpdates.storyboard; sourceTree = "<group>"; };
		3819E8C61E80F60B004BB245 /* WikipediaSearch.storyboard */ = {isa = PBXFileReference; fileEncoding = 4; lastKnownFileType = file.storyboard; path = WikipediaSearch.storyboard; sourceTree = "<group>"; };
		3819E8C81E80F614004BB245 /* APIWrappers.storyboard */ = {isa = PBXFileReference; fileEncoding = 4; lastKnownFileType = file.storyboard; path = APIWrappers.storyboard; sourceTree = "<group>"; };
		3819E8CA1E80F61E004BB245 /* Calculator.storyboard */ = {isa = PBXFileReference; fileEncoding = 4; lastKnownFileType = file.storyboard; path = Calculator.storyboard; sourceTree = "<group>"; };
		3819E8CC1E80F629004BB245 /* GitHubSearchRepositories.storyboard */ = {isa = PBXFileReference; fileEncoding = 4; lastKnownFileType = file.storyboard; path = GitHubSearchRepositories.storyboard; sourceTree = "<group>"; };
		3819E8D81E80F84B004BB245 /* SimpleTableViewExampleViewController.swift */ = {isa = PBXFileReference; fileEncoding = 4; lastKnownFileType = sourcecode.swift; path = SimpleTableViewExampleViewController.swift; sourceTree = "<group>"; };
		3819E8DF1E80FD0A004BB245 /* SimpleTableViewExampleSectionedViewController.swift */ = {isa = PBXFileReference; fileEncoding = 4; lastKnownFileType = sourcecode.swift; path = SimpleTableViewExampleSectionedViewController.swift; sourceTree = "<group>"; };
		3819E8E11E80FD24004BB245 /* TableViewWithEditingCommandsViewController.swift */ = {isa = PBXFileReference; fileEncoding = 4; lastKnownFileType = sourcecode.swift; path = TableViewWithEditingCommandsViewController.swift; sourceTree = "<group>"; };
		3819E8E31E80FD33004BB245 /* PartialUpdatesViewController.swift */ = {isa = PBXFileReference; fileEncoding = 4; lastKnownFileType = sourcecode.swift; path = PartialUpdatesViewController.swift; sourceTree = "<group>"; };
		3819E8E51E80FD3A004BB245 /* WikipediaSearchViewController.swift */ = {isa = PBXFileReference; fileEncoding = 4; lastKnownFileType = sourcecode.swift; path = WikipediaSearchViewController.swift; sourceTree = "<group>"; };
		3819E8E71E80FD41004BB245 /* APIWrappersViewController.swift */ = {isa = PBXFileReference; fileEncoding = 4; lastKnownFileType = sourcecode.swift; path = APIWrappersViewController.swift; sourceTree = "<group>"; };
		3819E8E91E80FD4A004BB245 /* CalculatorViewController.swift */ = {isa = PBXFileReference; fileEncoding = 4; lastKnownFileType = sourcecode.swift; path = CalculatorViewController.swift; sourceTree = "<group>"; };
		3819E8EB1E810EEC004BB245 /* GitHubSearchRepositoriesViewController.swift */ = {isa = PBXFileReference; fileEncoding = 4; lastKnownFileType = sourcecode.swift; path = GitHubSearchRepositoriesViewController.swift; sourceTree = "<group>"; };
		382219701E8130C50095DEFD /* GeolocationService.swift */ = {isa = PBXFileReference; fileEncoding = 4; lastKnownFileType = sourcecode.swift; path = GeolocationService.swift; sourceTree = "<group>"; };
		382219721E813BB50095DEFD /* GithubSignupViewModel1.swift */ = {isa = PBXFileReference; fileEncoding = 4; lastKnownFileType = sourcecode.swift; path = GithubSignupViewModel1.swift; sourceTree = "<group>"; };
		382219741E813BED0095DEFD /* Protocols.swift */ = {isa = PBXFileReference; fileEncoding = 4; lastKnownFileType = sourcecode.swift; path = Protocols.swift; sourceTree = "<group>"; };
		384F3A8C1E82429900BC3E87 /* ActivityIndicator.swift */ = {isa = PBXFileReference; fileEncoding = 4; lastKnownFileType = sourcecode.swift; path = ActivityIndicator.swift; sourceTree = "<group>"; };
		384F3A8E1E82495C00BC3E87 /* GitHubDefaultAPI.swift */ = {isa = PBXFileReference; fileEncoding = 4; lastKnownFileType = sourcecode.swift; path = GitHubDefaultAPI.swift; sourceTree = "<group>"; };
		384F3A911E8255FB00BC3E87 /* UILabel+Extension.swift */ = {isa = PBXFileReference; fileEncoding = 4; lastKnownFileType = sourcecode.swift; path = "UILabel+Extension.swift"; sourceTree = "<group>"; };
		384F3A931E8273B800BC3E87 /* GithubSignupViewModel2.swift */ = {isa = PBXFileReference; fileEncoding = 4; lastKnownFileType = sourcecode.swift; path = GithubSignupViewModel2.swift; sourceTree = "<group>"; };
		387693241E79A33200D10F28 /* GitHubSignup2ViewController.swift */ = {isa = PBXFileReference; fileEncoding = 4; lastKnownFileType = sourcecode.swift; path = GitHubSignup2ViewController.swift; sourceTree = "<group>"; };
		387693251E79A33200D10F28 /* NumbersViewController.swift */ = {isa = PBXFileReference; fileEncoding = 4; lastKnownFileType = sourcecode.swift; path = NumbersViewController.swift; sourceTree = "<group>"; };
		387693261E79A33200D10F28 /* GitHubSignup1ViewController.swift */ = {isa = PBXFileReference; fileEncoding = 4; lastKnownFileType = sourcecode.swift; path = GitHubSignup1ViewController.swift; sourceTree = "<group>"; };
		387693271E79A33200D10F28 /* SimpleValidationViewController.swift */ = {isa = PBXFileReference; fileEncoding = 4; lastKnownFileType = sourcecode.swift; path = SimpleValidationViewController.swift; sourceTree = "<group>"; };
		387693281E79A33200D10F28 /* GeolocationViewController.swift */ = {isa = PBXFileReference; fileEncoding = 4; lastKnownFileType = sourcecode.swift; path = GeolocationViewController.swift; sourceTree = "<group>"; };
		3876932E1E79A34B00D10F28 /* Action.swift */ = {isa = PBXFileReference; fileEncoding = 4; lastKnownFileType = sourcecode.swift; path = Action.swift; sourceTree = "<group>"; };
		3876932F1E79A34B00D10F28 /* CustomView.swift */ = {isa = PBXFileReference; fileEncoding = 4; lastKnownFileType = sourcecode.swift; path = CustomView.swift; sourceTree = "<group>"; };
		387693301E79A34B00D10F28 /* CustomView.xib */ = {isa = PBXFileReference; fileEncoding = 4; lastKnownFileType = file.xib; path = CustomView.xib; sourceTree = "<group>"; };
		387693311E79A34B00D10F28 /* Presenter.swift */ = {isa = PBXFileReference; fileEncoding = 4; lastKnownFileType = sourcecode.swift; path = Presenter.swift; sourceTree = "<group>"; };
		387693321E79A34B00D10F28 /* ViewModel.swift */ = {isa = PBXFileReference; fileEncoding = 4; lastKnownFileType = sourcecode.swift; path = ViewModel.swift; sourceTree = "<group>"; };
		387693381E79A35900D10F28 /* AppDelegate.swift */ = {isa = PBXFileReference; fileEncoding = 4; lastKnownFileType = sourcecode.swift; path = AppDelegate.swift; sourceTree = "<group>"; };
		3876933B1E79A37700D10F28 /* Base */ = {isa = PBXFileReference; lastKnownFileType = file.storyboard; name = Base; path = Base.lproj/LaunchScreen.storyboard; sourceTree = "<group>"; };
		3876933D1E79A37700D10F28 /* Base */ = {isa = PBXFileReference; lastKnownFileType = file.storyboard; name = Base; path = Base.lproj/Main.storyboard; sourceTree = "<group>"; };
		387693401E79A38600D10F28 /* Assets.xcassets */ = {isa = PBXFileReference; lastKnownFileType = folder.assetcatalog; path = Assets.xcassets; sourceTree = "<group>"; };
		387693411E79A38600D10F28 /* Info.plist */ = {isa = PBXFileReference; fileEncoding = 4; lastKnownFileType = text.plist.xml; path = Info.plist; sourceTree = "<group>"; };
/* End PBXFileReference section */

/* Begin PBXFrameworksBuildPhase section */
		3811AC781E7635D000A0C3AD /* Frameworks */ = {
			isa = PBXFrameworksBuildPhase;
			buildActionMask = 2147483647;
			files = (
				3816B9E31E7676F6009F2C10 /* RxSwift.framework in Frameworks */,
				3816B9E11E7676F6009F2C10 /* RxCocoa.framework in Frameworks */,
			);
			runOnlyForDeploymentPostprocessing = 0;
		};
/* End PBXFrameworksBuildPhase section */

/* Begin PBXGroup section */
		3811AC721E7635D000A0C3AD = {
			isa = PBXGroup;
			children = (
				3816B9D11E766B36009F2C10 /* MyPlayground.playground */,
				3811AC7D1E7635D000A0C3AD /* RxSwiftPractice */,
				3816B9D21E766D6A009F2C10 /* Frameworks */,
				3811AC7C1E7635D000A0C3AD /* Products */,
			);
			sourceTree = "<group>";
		};
		3811AC7C1E7635D000A0C3AD /* Products */ = {
			isa = PBXGroup;
			children = (
				3811AC7B1E7635D000A0C3AD /* RxSwiftPractice.app */,
			);
			name = Products;
			sourceTree = "<group>";
		};
		3811AC7D1E7635D000A0C3AD /* RxSwiftPractice */ = {
			isa = PBXGroup;
			children = (
				3811ACBA1E76361700A0C3AD /* Sources */,
				3811ACBB1E76361B00A0C3AD /* Resources */,
			);
			path = RxSwiftPractice;
			sourceTree = "<group>";
		};
		3811ACB81E76360A00A0C3AD /* ViewModels */ = {
			isa = PBXGroup;
			children = (
				3876932E1E79A34B00D10F28 /* Action.swift */,
				3876932F1E79A34B00D10F28 /* CustomView.swift */,
				387693301E79A34B00D10F28 /* CustomView.xib */,
				387693311E79A34B00D10F28 /* Presenter.swift */,
				387693321E79A34B00D10F28 /* ViewModel.swift */,
			);
			path = ViewModels;
			sourceTree = "<group>";
		};
		3811ACBA1E76361700A0C3AD /* Sources */ = {
			isa = PBXGroup;
			children = (
				3811ACBC1E76362F00A0C3AD /* Config */,
				3819E8CE1E80F73E004BB245 /* Examples */,
				3811ACB81E76360A00A0C3AD /* ViewModels */,
			);
			path = Sources;
			sourceTree = "<group>";
		};
		3811ACBB1E76361B00A0C3AD /* Resources */ = {
			isa = PBXGroup;
			children = (
				387693401E79A38600D10F28 /* Assets.xcassets */,
				387693411E79A38600D10F28 /* Info.plist */,
				3876933A1E79A37700D10F28 /* LaunchScreen.storyboard */,
				3876933C1E79A37700D10F28 /* Main.storyboard */,
			);
			path = Resources;
			sourceTree = "<group>";
		};
		3811ACBC1E76362F00A0C3AD /* Config */ = {
			isa = PBXGroup;
			children = (
				387693381E79A35900D10F28 /* AppDelegate.swift */,
			);
			path = Config;
			sourceTree = "<group>";
		};
		3816B9D21E766D6A009F2C10 /* Frameworks */ = {
			isa = PBXGroup;
			children = (
				3816B9D31E766D6A009F2C10 /* RxBlocking.framework */,
				3816B9D41E766D6A009F2C10 /* RxCocoa.framework */,
				3816B9D51E766D6A009F2C10 /* RxSwift.framework */,
				3816B9D61E766D6A009F2C10 /* RxTest.framework */,
			);
			name = Frameworks;
			sourceTree = "<group>";
		};
		3819E8CE1E80F73E004BB245 /* Examples */ = {
			isa = PBXGroup;
			children = (
				384F3A901E8255E600BC3E87 /* Extension */,
				3819E8CF1E80F74C004BB245 /* Numbers */,
				3819E8D71E80F760004BB245 /* SimpleValidation */,
				3819E8D61E80F75F004BB245 /* Geolocation */,
				3819E8D51E80F75E004BB245 /* GitHubSignup1 */,
				3819E8D41E80F75D004BB245 /* GitHubSignup2 */,
				3819E8D31E80F75A004BB245 /* SimpleTableViewExample */,
				3819E8D21E80F759004BB245 /* SimpleTableViewExampleSectioned */,
				3819E8D11E80F755004BB245 /* TableViewWithEditingCommands */,
				3819E8D01E80F755004BB245 /* TableViewPartialUpdates */,
				3819E8DA1E80F964004BB245 /* WikipediaSearch */,
				3819E8DD1E80FC08004BB245 /* Calculator */,
				3819E8DE1E80FC09004BB245 /* APIWrappers */,
				3819E8DC1E80FC07004BB245 /* GitHubSerchRespositories */,
			);
			path = Examples;
			sourceTree = "<group>";
		};
		3819E8CF1E80F74C004BB245 /* Numbers */ = {
			isa = PBXGroup;
			children = (
				3819E8B41E80F59A004BB245 /* Numbers.storyboard */,
				387693251E79A33200D10F28 /* NumbersViewController.swift */,
			);
			path = Numbers;
			sourceTree = "<group>";
		};
		3819E8D01E80F755004BB245 /* TableViewPartialUpdates */ = {
			isa = PBXGroup;
			children = (
				3819E8C41E80F603004BB245 /* PartialUpdates.storyboard */,
				3819E8E31E80FD33004BB245 /* PartialUpdatesViewController.swift */,
			);
			path = TableViewPartialUpdates;
			sourceTree = "<group>";
		};
		3819E8D11E80F755004BB245 /* TableViewWithEditingCommands */ = {
			isa = PBXGroup;
			children = (
				3819E8C21E80F5FA004BB245 /* TableViewWithEditingCommands.storyboard */,
				3819E8E11E80FD24004BB245 /* TableViewWithEditingCommandsViewController.swift */,
			);
			path = TableViewWithEditingCommands;
			sourceTree = "<group>";
		};
		3819E8D21E80F759004BB245 /* SimpleTableViewExampleSectioned */ = {
			isa = PBXGroup;
			children = (
				3819E8C01E80F5E8004BB245 /* SimpleTableViewExampleSectioned.storyboard */,
				3819E8DF1E80FD0A004BB245 /* SimpleTableViewExampleSectionedViewController.swift */,
			);
			path = SimpleTableViewExampleSectioned;
			sourceTree = "<group>";
		};
		3819E8D31E80F75A004BB245 /* SimpleTableViewExample */ = {
			isa = PBXGroup;
			children = (
				3819E8BE1E80F5DD004BB245 /* SimpleTableViewExample.storyboard */,
				3819E8D81E80F84B004BB245 /* SimpleTableViewExampleViewController.swift */,
			);
			path = SimpleTableViewExample;
			sourceTree = "<group>";
		};
		3819E8D41E80F75D004BB245 /* GitHubSignup2 */ = {
			isa = PBXGroup;
			children = (
				3819E8BC1E80F5D2004BB245 /* GitHubSignup2.storyboard */,
				387693241E79A33200D10F28 /* GitHubSignup2ViewController.swift */,
				384F3A931E8273B800BC3E87 /* GithubSignupViewModel2.swift */,
			);
			path = GitHubSignup2;
			sourceTree = "<group>";
		};
		3819E8D51E80F75E004BB245 /* GitHubSignup1 */ = {
			isa = PBXGroup;
			children = (
				3819E8BA1E80F5C3004BB245 /* GitHubSignup1.storyboard */,
				387693261E79A33200D10F28 /* GitHubSignup1ViewController.swift */,
				382219721E813BB50095DEFD /* GithubSignupViewModel1.swift */,
				382219741E813BED0095DEFD /* Protocols.swift */,
				384F3A8C1E82429900BC3E87 /* ActivityIndicator.swift */,
				384F3A8E1E82495C00BC3E87 /* GitHubDefaultAPI.swift */,
			);
			path = GitHubSignup1;
			sourceTree = "<group>";
		};
		3819E8D61E80F75F004BB245 /* Geolocation */ = {
			isa = PBXGroup;
			children = (
				3819E8B81E80F5B7004BB245 /* Geolocation.storyboard */,
				387693281E79A33200D10F28 /* GeolocationViewController.swift */,
				382219701E8130C50095DEFD /* GeolocationService.swift */,
			);
			path = Geolocation;
			sourceTree = "<group>";
		};
		3819E8D71E80F760004BB245 /* SimpleValidation */ = {
			isa = PBXGroup;
			children = (
				3819E8B61E80F5A9004BB245 /* SimpleValidation.storyboard */,
				387693271E79A33200D10F28 /* SimpleValidationViewController.swift */,
			);
			path = SimpleValidation;
			sourceTree = "<group>";
		};
		3819E8DA1E80F964004BB245 /* WikipediaSearch */ = {
			isa = PBXGroup;
			children = (
				3819E8C61E80F60B004BB245 /* WikipediaSearch.storyboard */,
				3819E8E51E80FD3A004BB245 /* WikipediaSearchViewController.swift */,
			);
			path = WikipediaSearch;
			sourceTree = "<group>";
		};
		3819E8DC1E80FC07004BB245 /* GitHubSerchRespositories */ = {
			isa = PBXGroup;
			children = (
				3819E8CC1E80F629004BB245 /* GitHubSearchRepositories.storyboard */,
				3819E8EB1E810EEC004BB245 /* GitHubSearchRepositoriesViewController.swift */,
			);
			path = GitHubSerchRespositories;
			sourceTree = "<group>";
		};
		3819E8DD1E80FC08004BB245 /* Calculator */ = {
			isa = PBXGroup;
			children = (
				3819E8CA1E80F61E004BB245 /* Calculator.storyboard */,
				3819E8E91E80FD4A004BB245 /* CalculatorViewController.swift */,
			);
			path = Calculator;
			sourceTree = "<group>";
		};
		3819E8DE1E80FC09004BB245 /* APIWrappers */ = {
			isa = PBXGroup;
			children = (
				3819E8C81E80F614004BB245 /* APIWrappers.storyboard */,
				3819E8E71E80FD41004BB245 /* APIWrappersViewController.swift */,
			);
			path = APIWrappers;
			sourceTree = "<group>";
		};
		384F3A901E8255E600BC3E87 /* Extension */ = {
			isa = PBXGroup;
			children = (
				384F3A911E8255FB00BC3E87 /* UILabel+Extension.swift */,
			);
			name = Extension;
			sourceTree = "<group>";
		};
/* End PBXGroup section */

/* Begin PBXNativeTarget section */
		3811AC7A1E7635D000A0C3AD /* RxSwiftPractice */ = {
			isa = PBXNativeTarget;
			buildConfigurationList = 3811ACA31E7635D100A0C3AD /* Build configuration list for PBXNativeTarget "RxSwiftPractice" */;
			buildPhases = (
				3811AC771E7635D000A0C3AD /* Sources */,
				3811AC781E7635D000A0C3AD /* Frameworks */,
				3811AC791E7635D000A0C3AD /* Resources */,
				384FBB531E764BBF008D1CC3 /* Embed Frameworks */,
				384FBB541E764BCA008D1CC3 /* ShellScript */,
			);
			buildRules = (
			);
			dependencies = (
			);
			name = RxSwiftPractice;
			productName = "RxSwift+MVVM";
			productReference = 3811AC7B1E7635D000A0C3AD /* RxSwiftPractice.app */;
			productType = "com.apple.product-type.application";
		};
/* End PBXNativeTarget section */

/* Begin PBXProject section */
		3811AC731E7635D000A0C3AD /* Project object */ = {
			isa = PBXProject;
			attributes = {
				LastSwiftUpdateCheck = 0820;
				LastUpgradeCheck = 0820;
				ORGANIZATIONNAME = "k-satoshi";
				TargetAttributes = {
					3811AC7A1E7635D000A0C3AD = {
						CreatedOnToolsVersion = 8.2.1;
						DevelopmentTeam = WDBC6D89W7;
						ProvisioningStyle = Automatic;
					};
				};
			};
			buildConfigurationList = 3811AC761E7635D000A0C3AD /* Build configuration list for PBXProject "RxSwiftPractice" */;
			compatibilityVersion = "Xcode 3.2";
			developmentRegion = English;
			hasScannedForEncodings = 0;
			knownRegions = (
				en,
				Base,
			);
			mainGroup = 3811AC721E7635D000A0C3AD;
			productRefGroup = 3811AC7C1E7635D000A0C3AD /* Products */;
			projectDirPath = "";
			projectRoot = "";
			targets = (
				3811AC7A1E7635D000A0C3AD /* RxSwiftPractice */,
			);
		};
/* End PBXProject section */

/* Begin PBXResourcesBuildPhase section */
		3811AC791E7635D000A0C3AD /* Resources */ = {
			isa = PBXResourcesBuildPhase;
			buildActionMask = 2147483647;
			files = (
				3819E8C11E80F5E8004BB245 /* SimpleTableViewExampleSectioned.storyboard in Resources */,
				3819E8CD1E80F629004BB245 /* GitHubSearchRepositories.storyboard in Resources */,
				3876933E1E79A37700D10F28 /* LaunchScreen.storyboard in Resources */,
				3819E8B91E80F5B7004BB245 /* Geolocation.storyboard in Resources */,
				3819E8C51E80F603004BB245 /* PartialUpdates.storyboard in Resources */,
				387693351E79A34B00D10F28 /* CustomView.xib in Resources */,
				3819E8C71E80F60B004BB245 /* WikipediaSearch.storyboard in Resources */,
				387693431E79A38600D10F28 /* Info.plist in Resources */,
				3819E8BD1E80F5D2004BB245 /* GitHubSignup2.storyboard in Resources */,
				3819E8BF1E80F5DD004BB245 /* SimpleTableViewExample.storyboard in Resources */,
				3819E8C31E80F5FA004BB245 /* TableViewWithEditingCommands.storyboard in Resources */,
				3876933F1E79A37700D10F28 /* Main.storyboard in Resources */,
				3819E8C91E80F614004BB245 /* APIWrappers.storyboard in Resources */,
				387693421E79A38600D10F28 /* Assets.xcassets in Resources */,
				3819E8CB1E80F61E004BB245 /* Calculator.storyboard in Resources */,
				3819E8B71E80F5A9004BB245 /* SimpleValidation.storyboard in Resources */,
				3819E8B51E80F59A004BB245 /* Numbers.storyboard in Resources */,
				3819E8BB1E80F5C3004BB245 /* GitHubSignup1.storyboard in Resources */,
			);
			runOnlyForDeploymentPostprocessing = 0;
		};
/* End PBXResourcesBuildPhase section */

/* Begin PBXShellScriptBuildPhase section */
		384FBB541E764BCA008D1CC3 /* ShellScript */ = {
			isa = PBXShellScriptBuildPhase;
			buildActionMask = 2147483647;
			files = (
			);
			inputPaths = (
				"$(SRCROOT)/Carthage/Build/iOS/RxSwift.framework",
				"$(SRCROOT)/Carthage/Build/iOS/RxCocoa.framework",
			);
			outputPaths = (
			);
			runOnlyForDeploymentPostprocessing = 0;
			shellPath = /bin/sh;
			shellScript = "/usr/local/bin/carthage copy-frameworks\n";
		};
/* End PBXShellScriptBuildPhase section */

/* Begin PBXSourcesBuildPhase section */
		3811AC771E7635D000A0C3AD /* Sources */ = {
			isa = PBXSourcesBuildPhase;
			buildActionMask = 2147483647;
			files = (
				3819E8E01E80FD0A004BB245 /* SimpleTableViewExampleSectionedViewController.swift in Sources */,
				3819E8D91E80F84B004BB245 /* SimpleTableViewExampleViewController.swift in Sources */,
				387693331E79A34B00D10F28 /* Action.swift in Sources */,
				3819E8E41E80FD33004BB245 /* PartialUpdatesViewController.swift in Sources */,
				3876932A1E79A33200D10F28 /* NumbersViewController.swift in Sources */,
				3819E8EC1E810EEC004BB245 /* GitHubSearchRepositoriesViewController.swift in Sources */,
				3876932C1E79A33200D10F28 /* SimpleValidationViewController.swift in Sources */,
				387693291E79A33200D10F28 /* GitHubSignup2ViewController.swift in Sources */,
				384F3A921E8255FB00BC3E87 /* UILabel+Extension.swift in Sources */,
				3819E8E81E80FD41004BB245 /* APIWrappersViewController.swift in Sources */,
				382219751E813BED0095DEFD /* Protocols.swift in Sources */,
				382219731E813BB50095DEFD /* GithubSignupViewModel1.swift in Sources */,
				387693371E79A34B00D10F28 /* ViewModel.swift in Sources */,
				3876932B1E79A33200D10F28 /* GitHubSignup1ViewController.swift in Sources */,
				3876932D1E79A33200D10F28 /* GeolocationViewController.swift in Sources */,
				3819E8E21E80FD24004BB245 /* TableViewWithEditingCommandsViewController.swift in Sources */,
				387693341E79A34B00D10F28 /* CustomView.swift in Sources */,
				384F3A8F1E82495C00BC3E87 /* GitHubDefaultAPI.swift in Sources */,
				384F3A8D1E82429900BC3E87 /* ActivityIndicator.swift in Sources */,
				387693391E79A35900D10F28 /* AppDelegate.swift in Sources */,
				387693361E79A34B00D10F28 /* Presenter.swift in Sources */,
				3819E8E61E80FD3A004BB245 /* WikipediaSearchViewController.swift in Sources */,
				3819E8EA1E80FD4A004BB245 /* CalculatorViewController.swift in Sources */,
				382219711E8130C50095DEFD /* GeolocationService.swift in Sources */,
				384F3A941E8273B800BC3E87 /* GithubSignupViewModel2.swift in Sources */,
			);
			runOnlyForDeploymentPostprocessing = 0;
		};
/* End PBXSourcesBuildPhase section */

/* Begin PBXVariantGroup section */
		3876933A1E79A37700D10F28 /* LaunchScreen.storyboard */ = {
			isa = PBXVariantGroup;
			children = (
				3876933B1E79A37700D10F28 /* Base */,
			);
			name = LaunchScreen.storyboard;
			path = .;
			sourceTree = "<group>";
		};
		3876933C1E79A37700D10F28 /* Main.storyboard */ = {
			isa = PBXVariantGroup;
			children = (
				3876933D1E79A37700D10F28 /* Base */,
			);
			name = Main.storyboard;
			path = .;
			sourceTree = "<group>";
		};
/* End PBXVariantGroup section */

/* Begin XCBuildConfiguration section */
		3811ACA11E7635D100A0C3AD /* Debug */ = {
			isa = XCBuildConfiguration;
			buildSettings = {
				ALWAYS_SEARCH_USER_PATHS = NO;
				CLANG_ANALYZER_NONNULL = YES;
				CLANG_CXX_LANGUAGE_STANDARD = "gnu++0x";
				CLANG_CXX_LIBRARY = "libc++";
				CLANG_ENABLE_MODULES = YES;
				CLANG_ENABLE_OBJC_ARC = YES;
				CLANG_WARN_BOOL_CONVERSION = YES;
				CLANG_WARN_CONSTANT_CONVERSION = YES;
				CLANG_WARN_DIRECT_OBJC_ISA_USAGE = YES_ERROR;
				CLANG_WARN_DOCUMENTATION_COMMENTS = YES;
				CLANG_WARN_EMPTY_BODY = YES;
				CLANG_WARN_ENUM_CONVERSION = YES;
				CLANG_WARN_INFINITE_RECURSION = YES;
				CLANG_WARN_INT_CONVERSION = YES;
				CLANG_WARN_OBJC_ROOT_CLASS = YES_ERROR;
				CLANG_WARN_SUSPICIOUS_MOVE = YES;
				CLANG_WARN_UNREACHABLE_CODE = YES;
				CLANG_WARN__DUPLICATE_METHOD_MATCH = YES;
				"CODE_SIGN_IDENTITY[sdk=iphoneos*]" = "iPhone Developer";
				COPY_PHASE_STRIP = NO;
				DEBUG_INFORMATION_FORMAT = dwarf;
				ENABLE_STRICT_OBJC_MSGSEND = YES;
				ENABLE_TESTABILITY = YES;
				GCC_C_LANGUAGE_STANDARD = gnu99;
				GCC_DYNAMIC_NO_PIC = NO;
				GCC_NO_COMMON_BLOCKS = YES;
				GCC_OPTIMIZATION_LEVEL = 0;
				GCC_PREPROCESSOR_DEFINITIONS = (
					"DEBUG=1",
					"$(inherited)",
				);
				GCC_WARN_64_TO_32_BIT_CONVERSION = YES;
				GCC_WARN_ABOUT_RETURN_TYPE = YES_ERROR;
				GCC_WARN_UNDECLARED_SELECTOR = YES;
				GCC_WARN_UNINITIALIZED_AUTOS = YES_AGGRESSIVE;
				GCC_WARN_UNUSED_FUNCTION = YES;
				GCC_WARN_UNUSED_VARIABLE = YES;
				IPHONEOS_DEPLOYMENT_TARGET = 10.2;
				MTL_ENABLE_DEBUG_INFO = YES;
				ONLY_ACTIVE_ARCH = YES;
				SDKROOT = iphoneos;
				SWIFT_ACTIVE_COMPILATION_CONDITIONS = DEBUG;
				SWIFT_OPTIMIZATION_LEVEL = "-Onone";
				TARGETED_DEVICE_FAMILY = "1,2";
			};
			name = Debug;
		};
		3811ACA21E7635D100A0C3AD /* Release */ = {
			isa = XCBuildConfiguration;
			buildSettings = {
				ALWAYS_SEARCH_USER_PATHS = NO;
				CLANG_ANALYZER_NONNULL = YES;
				CLANG_CXX_LANGUAGE_STANDARD = "gnu++0x";
				CLANG_CXX_LIBRARY = "libc++";
				CLANG_ENABLE_MODULES = YES;
				CLANG_ENABLE_OBJC_ARC = YES;
				CLANG_WARN_BOOL_CONVERSION = YES;
				CLANG_WARN_CONSTANT_CONVERSION = YES;
				CLANG_WARN_DIRECT_OBJC_ISA_USAGE = YES_ERROR;
				CLANG_WARN_DOCUMENTATION_COMMENTS = YES;
				CLANG_WARN_EMPTY_BODY = YES;
				CLANG_WARN_ENUM_CONVERSION = YES;
				CLANG_WARN_INFINITE_RECURSION = YES;
				CLANG_WARN_INT_CONVERSION = YES;
				CLANG_WARN_OBJC_ROOT_CLASS = YES_ERROR;
				CLANG_WARN_SUSPICIOUS_MOVE = YES;
				CLANG_WARN_UNREACHABLE_CODE = YES;
				CLANG_WARN__DUPLICATE_METHOD_MATCH = YES;
				"CODE_SIGN_IDENTITY[sdk=iphoneos*]" = "iPhone Developer";
				COPY_PHASE_STRIP = NO;
				DEBUG_INFORMATION_FORMAT = "dwarf-with-dsym";
				ENABLE_NS_ASSERTIONS = NO;
				ENABLE_STRICT_OBJC_MSGSEND = YES;
				GCC_C_LANGUAGE_STANDARD = gnu99;
				GCC_NO_COMMON_BLOCKS = YES;
				GCC_WARN_64_TO_32_BIT_CONVERSION = YES;
				GCC_WARN_ABOUT_RETURN_TYPE = YES_ERROR;
				GCC_WARN_UNDECLARED_SELECTOR = YES;
				GCC_WARN_UNINITIALIZED_AUTOS = YES_AGGRESSIVE;
				GCC_WARN_UNUSED_FUNCTION = YES;
				GCC_WARN_UNUSED_VARIABLE = YES;
				IPHONEOS_DEPLOYMENT_TARGET = 10.2;
				MTL_ENABLE_DEBUG_INFO = NO;
				SDKROOT = iphoneos;
				SWIFT_OPTIMIZATION_LEVEL = "-Owholemodule";
				TARGETED_DEVICE_FAMILY = "1,2";
				VALIDATE_PRODUCT = YES;
			};
			name = Release;
		};
		3811ACA41E7635D100A0C3AD /* Debug */ = {
			isa = XCBuildConfiguration;
			buildSettings = {
				ASSETCATALOG_COMPILER_APPICON_NAME = AppIcon;
				DEVELOPMENT_TEAM = WDBC6D89W7;
				FRAMEWORK_SEARCH_PATHS = (
					"$(inherited)",
					"$(PROJECT_DIR)/Carthage/Build/iOS",
				);
				INFOPLIST_FILE = "$(SRCROOT)/RxSwiftPractice/Resources/Info.plist";
				LD_RUNPATH_SEARCH_PATHS = "$(inherited) @executable_path/Frameworks";
				PRODUCT_BUNDLE_IDENTIFIER = "jp.satoshi.RxSwift-MVVM";
				PRODUCT_NAME = "$(TARGET_NAME)";
				SWIFT_VERSION = 3.0;
			};
			name = Debug;
		};
		3811ACA51E7635D100A0C3AD /* Release */ = {
			isa = XCBuildConfiguration;
			buildSettings = {
				ASSETCATALOG_COMPILER_APPICON_NAME = AppIcon;
				DEVELOPMENT_TEAM = WDBC6D89W7;
				FRAMEWORK_SEARCH_PATHS = (
					"$(inherited)",
					"$(PROJECT_DIR)/Carthage/Build/iOS",
				);
				INFOPLIST_FILE = "$(SRCROOT)/RxSwiftPractice/Resources/Info.plist";
				LD_RUNPATH_SEARCH_PATHS = "$(inherited) @executable_path/Frameworks";
				PRODUCT_BUNDLE_IDENTIFIER = "jp.satoshi.RxSwift-MVVM";
				PRODUCT_NAME = "$(TARGET_NAME)";
				SWIFT_VERSION = 3.0;
			};
			name = Release;
		};
/* End XCBuildConfiguration section */

/* Begin XCConfigurationList section */
		3811AC761E7635D000A0C3AD /* Build configuration list for PBXProject "RxSwiftPractice" */ = {
			isa = XCConfigurationList;
			buildConfigurations = (
				3811ACA11E7635D100A0C3AD /* Debug */,
				3811ACA21E7635D100A0C3AD /* Release */,
			);
			defaultConfigurationIsVisible = 0;
			defaultConfigurationName = Release;
		};
		3811ACA31E7635D100A0C3AD /* Build configuration list for PBXNativeTarget "RxSwiftPractice" */ = {
			isa = XCConfigurationList;
			buildConfigurations = (
				3811ACA41E7635D100A0C3AD /* Debug */,
				3811ACA51E7635D100A0C3AD /* Release */,
			);
			defaultConfigurationIsVisible = 0;
			defaultConfigurationName = Release;
		};
/* End XCConfigurationList section */
	};
	rootObject = 3811AC731E7635D000A0C3AD /* Project object */;
}
